
Microsoft Visual Studio Solution File, Format Version 12.00
# Visual Studio 15
VisualStudioVersion = 15.0.28307.572
MinimumVisualStudioVersion = 10.0.40219.1
Project("{8BC9CEB8-8B4A-11D0-8D11-00A0C91BC942}") = "Test", "Test\Test.vcxproj", "{15614C17-DA77-40CD-B0C0-5287E96E4628}"
EndProject
Project("{8BC9CEB8-8B4A-11D0-8D11-00A0C91BC942}") = "01-Tool-Template", "01-Tool-Template\01-Tool-Template.vcxproj", "{99C5ADEA-3739-444A-ABE1-376CC421F562}"
EndProject
Project("{8BC9CEB8-8B4A-11D0-8D11-00A0C91BC942}") = "02-Tool-SpriteAnimation", "02-Tool-SpriteAnimation\02-Tool-SpriteAnimation.vcxproj", "{EA8BE732-59C8-4C61-A437-24FC7D49BA3B}"
EndProject
Project("{8BC9CEB8-8B4A-11D0-8D11-00A0C91BC942}") = "CommonLibrary", "CommonLibrary\CommonLibrary.vcxproj", "{58763E91-7189-4DC1-9123-001B91AABA30}"
EndProject
Project("{8BC9CEB8-8B4A-11D0-8D11-00A0C91BC942}") = "03-Tool-GameFramework", "03-Tool-GameFramework\03-Tool-GameFramework.vcxproj", "{8D7A51B9-237C-4BA6-8E31-4A32A6A05391}"
EndProject
Project("{8BC9CEB8-8B4A-11D0-8D11-00A0C91BC942}") = "04-Tool-ActionPattern", "04-Tool-ActionPattern\04-Tool-ActionPattern.vcxproj", "{A7B86CE9-AA38-49ED-8BB1-A875D4C5AABF}"
EndProject
Project("{8BC9CEB8-8B4A-11D0-8D11-00A0C91BC942}") = "05-Tool-UnitCreator", "05-Tool-UnitCreator\05-Tool-UnitCreator.vcxproj", "{AC7FF16C-7ABA-4E39-AD5D-F043D57A4637}"
EndProject
Project("{8BC9CEB8-8B4A-11D0-8D11-00A0C91BC942}") = "06-Tool-StageCreator", "06-Tool-StageCreator\06-Tool-StageCreator.vcxproj", "{5679B5E0-C883-4562-8EAB-B9D1801753F0}"
EndProject
Global
	GlobalSection(SolutionConfigurationPlatforms) = preSolution
		Debug|x64 = Debug|x64
		Debug|x86 = Debug|x86
		Release|x64 = Release|x64
		Release|x86 = Release|x86
	EndGlobalSection
	GlobalSection(ProjectConfigurationPlatforms) = postSolution
		{15614C17-DA77-40CD-B0C0-5287E96E4628}.Debug|x64.ActiveCfg = Debug|x64
		{15614C17-DA77-40CD-B0C0-5287E96E4628}.Debug|x64.Build.0 = Debug|x64
		{15614C17-DA77-40CD-B0C0-5287E96E4628}.Debug|x86.ActiveCfg = Debug|Win32
		{15614C17-DA77-40CD-B0C0-5287E96E4628}.Debug|x86.Build.0 = Debug|Win32
		{15614C17-DA77-40CD-B0C0-5287E96E4628}.Release|x64.ActiveCfg = Release|x64
		{15614C17-DA77-40CD-B0C0-5287E96E4628}.Release|x64.Build.0 = Release|x64
		{15614C17-DA77-40CD-B0C0-5287E96E4628}.Release|x86.ActiveCfg = Release|Win32
		{15614C17-DA77-40CD-B0C0-5287E96E4628}.Release|x86.Build.0 = Release|Win32
		{99C5ADEA-3739-444A-ABE1-376CC421F562}.Debug|x64.ActiveCfg = Debug|x64
		{99C5ADEA-3739-444A-ABE1-376CC421F562}.Debug|x64.Build.0 = Debug|x64
		{99C5ADEA-3739-444A-ABE1-376CC421F562}.Debug|x86.ActiveCfg = Debug|Win32
		{99C5ADEA-3739-444A-ABE1-376CC421F562}.Debug|x86.Build.0 = Debug|Win32
		{99C5ADEA-3739-444A-ABE1-376CC421F562}.Release|x64.ActiveCfg = Release|x64
		{99C5ADEA-3739-444A-ABE1-376CC421F562}.Release|x64.Build.0 = Release|x64
		{99C5ADEA-3739-444A-ABE1-376CC421F562}.Release|x86.ActiveCfg = Release|Win32
		{99C5ADEA-3739-444A-ABE1-376CC421F562}.Release|x86.Build.0 = Release|Win32
		{EA8BE732-59C8-4C61-A437-24FC7D49BA3B}.Debug|x64.ActiveCfg = Debug|x64
		{EA8BE732-59C8-4C61-A437-24FC7D49BA3B}.Debug|x64.Build.0 = Debug|x64
		{EA8BE732-59C8-4C61-A437-24FC7D49BA3B}.Debug|x86.ActiveCfg = Debug|Win32
		{EA8BE732-59C8-4C61-A437-24FC7D49BA3B}.Debug|x86.Build.0 = Debug|Win32
		{EA8BE732-59C8-4C61-A437-24FC7D49BA3B}.Release|x64.ActiveCfg = Release|x64
		{EA8BE732-59C8-4C61-A437-24FC7D49BA3B}.Release|x64.Build.0 = Release|x64
		{EA8BE732-59C8-4C61-A437-24FC7D49BA3B}.Release|x86.ActiveCfg = Release|Win32
		{EA8BE732-59C8-4C61-A437-24FC7D49BA3B}.Release|x86.Build.0 = Release|Win32
		{58763E91-7189-4DC1-9123-001B91AABA30}.Debug|x64.ActiveCfg = Debug|x64
		{58763E91-7189-4DC1-9123-001B91AABA30}.Debug|x64.Build.0 = Debug|x64
		{58763E91-7189-4DC1-9123-001B91AABA30}.Debug|x86.ActiveCfg = Debug|Win32
		{58763E91-7189-4DC1-9123-001B91AABA30}.Debug|x86.Build.0 = Debug|Win32
		{58763E91-7189-4DC1-9123-001B91AABA30}.Release|x64.ActiveCfg = Release|x64
		{58763E91-7189-4DC1-9123-001B91AABA30}.Release|x64.Build.0 = Release|x64
		{58763E91-7189-4DC1-9123-001B91AABA30}.Release|x86.ActiveCfg = Release|Win32
		{58763E91-7189-4DC1-9123-001B91AABA30}.Release|x86.Build.0 = Release|Win32
		{8D7A51B9-237C-4BA6-8E31-4A32A6A05391}.Debug|x64.ActiveCfg = Debug|x64
		{8D7A51B9-237C-4BA6-8E31-4A32A6A05391}.Debug|x64.Build.0 = Debug|x64
		{8D7A51B9-237C-4BA6-8E31-4A32A6A05391}.Debug|x86.ActiveCfg = Debug|Win32
		{8D7A51B9-237C-4BA6-8E31-4A32A6A05391}.Debug|x86.Build.0 = Debug|Win32
		{8D7A51B9-237C-4BA6-8E31-4A32A6A05391}.Release|x64.ActiveCfg = Release|x64
		{8D7A51B9-237C-4BA6-8E31-4A32A6A05391}.Release|x64.Build.0 = Release|x64
		{8D7A51B9-237C-4BA6-8E31-4A32A6A05391}.Release|x86.ActiveCfg = Release|Win32
		{8D7A51B9-237C-4BA6-8E31-4A32A6A05391}.Release|x86.Build.0 = Release|Win32
		{A7B86CE9-AA38-49ED-8BB1-A875D4C5AABF}.Debug|x64.ActiveCfg = Debug|x64
		{A7B86CE9-AA38-49ED-8BB1-A875D4C5AABF}.Debug|x64.Build.0 = Debug|x64
		{A7B86CE9-AA38-49ED-8BB1-A875D4C5AABF}.Debug|x86.ActiveCfg = Debug|Win32
		{A7B86CE9-AA38-49ED-8BB1-A875D4C5AABF}.Debug|x86.Build.0 = Debug|Win32
		{A7B86CE9-AA38-49ED-8BB1-A875D4C5AABF}.Release|x64.ActiveCfg = Release|x64
		{A7B86CE9-AA38-49ED-8BB1-A875D4C5AABF}.Release|x64.Build.0 = Release|x64
		{A7B86CE9-AA38-49ED-8BB1-A875D4C5AABF}.Release|x86.ActiveCfg = Release|Win32
		{A7B86CE9-AA38-49ED-8BB1-A875D4C5AABF}.Release|x86.Build.0 = Release|Win32
		{AC7FF16C-7ABA-4E39-AD5D-F043D57A4637}.Debug|x64.ActiveCfg = Debug|x64
		{AC7FF16C-7ABA-4E39-AD5D-F043D57A4637}.Debug|x64.Build.0 = Debug|x64
		{AC7FF16C-7ABA-4E39-AD5D-F043D57A4637}.Debug|x86.ActiveCfg = Debug|Win32
		{AC7FF16C-7ABA-4E39-AD5D-F043D57A4637}.Debug|x86.Build.0 = Debug|Win32
		{AC7FF16C-7ABA-4E39-AD5D-F043D57A4637}.Release|x64.ActiveCfg = Release|x64
		{AC7FF16C-7ABA-4E39-AD5D-F043D57A4637}.Release|x64.Build.0 = Release|x64
		{AC7FF16C-7ABA-4E39-AD5D-F043D57A4637}.Release|x86.ActiveCfg = Release|Win32
		{AC7FF16C-7ABA-4E39-AD5D-F043D57A4637}.Release|x86.Build.0 = Release|Win32
		{5679B5E0-C883-4562-8EAB-B9D1801753F0}.Debug|x64.ActiveCfg = Debug|x64
		{5679B5E0-C883-4562-8EAB-B9D1801753F0}.Debug|x64.Build.0 = Debug|x64
		{5679B5E0-C883-4562-8EAB-B9D1801753F0}.Debug|x86.ActiveCfg = Debug|Win32
		{5679B5E0-C883-4562-8EAB-B9D1801753F0}.Debug|x86.Build.0 = Debug|Win32
		{5679B5E0-C883-4562-8EAB-B9D1801753F0}.Release|x64.ActiveCfg = Release|x64
		{5679B5E0-C883-4562-8EAB-B9D1801753F0}.Release|x64.Build.0 = Release|x64
		{5679B5E0-C883-4562-8EAB-B9D1801753F0}.Release|x86.ActiveCfg = Release|Win32
		{5679B5E0-C883-4562-8EAB-B9D1801753F0}.Release|x86.Build.0 = Release|Win32
	EndGlobalSection
	GlobalSection(SolutionProperties) = preSolution
		HideSolutionNode = FALSE
	EndGlobalSection
	GlobalSection(ExtensibilityGlobals) = postSolution
		SolutionGuid = {BE689058-9E12-4E2C-9407-E680AAE05D53}
	EndGlobalSection
EndGlobal
